
Microsoft Visual Studio Solution File, Format Version 12.00
# Visual Studio Version 16
VisualStudioVersion = 16.0.29324.140
MinimumVisualStudioVersion = 10.0.40219.1
Project("{FAE04EC0-301F-11D3-BF4B-00C04F79EFBC}") = "TextWebService", "TextWebService\TextWebService.csproj", "{443BD928-C76D-4700-A526-C7844640974C}"
EndProject
Project("{FAE04EC0-301F-11D3-BF4B-00C04F79EFBC}") = "TextWebServiceClient", "TextWebServiceClient\TextWebServiceClient.csproj", "{3DE69957-C200-47E2-8AC5-123478D937DC}"
EndProject
Global
	GlobalSection(SolutionConfigurationPlatforms) = preSolution
		Debug|Any CPU = Debug|Any CPU
		Release|Any CPU = Release|Any CPU
	EndGlobalSection
	GlobalSection(ProjectConfigurationPlatforms) = postSolution
		{443BD928-C76D-4700-A526-C7844640974C}.Debug|Any CPU.ActiveCfg = Debug|Any CPU
		{443BD928-C76D-4700-A526-C7844640974C}.Debug|Any CPU.Build.0 = Debug|Any CPU
		{443BD928-C76D-4700-A526-C7844640974C}.Release|Any CPU.ActiveCfg = Release|Any CPU
		{443BD928-C76D-4700-A526-C7844640974C}.Release|Any CPU.Build.0 = Release|Any CPU
		{3DE69957-C200-47E2-8AC5-123478D937DC}.Debug|Any CPU.ActiveCfg = Debug|Any CPU
		{3DE69957-C200-47E2-8AC5-123478D937DC}.Debug|Any CPU.Build.0 = Debug|Any CPU
		{3DE69957-C200-47E2-8AC5-123478D937DC}.Release|Any CPU.ActiveCfg = Release|Any CPU
		{3DE69957-C200-47E2-8AC5-123478D937DC}.Release|Any CPU.Build.0 = Release|Any CPU
	EndGlobalSection
	GlobalSection(SolutionProperties) = preSolution
		HideSolutionNode = FALSE
	EndGlobalSection
	GlobalSection(ExtensibilityGlobals) = postSolution
		SolutionGuid = {9BAF04F2-C216-41B3-ADAB-18F5D398E168}
	EndGlobalSection
EndGlobal
